
Microsoft Visual Studio Solution File, Format Version 12.00
# Visual Studio 15
VisualStudioVersion = 15.0.27130.2024
MinimumVisualStudioVersion = 10.0.40219.1
Project("{FAE04EC0-301F-11D3-BF4B-00C04F79EFBC}") = "HomeTask2_2", "HomeTask2_2\HomeTask2_2.csproj", "{DDE6162E-586D-416A-BC1B-F3FD5650A97F}"
EndProject
Global
	GlobalSection(SolutionConfigurationPlatforms) = preSolution
		Debug|Any CPU = Debug|Any CPU
		Release|Any CPU = Release|Any CPU
	EndGlobalSection
	GlobalSection(ProjectConfigurationPlatforms) = postSolution
		{DDE6162E-586D-416A-BC1B-F3FD5650A97F}.Debug|Any CPU.ActiveCfg = Debug|Any CPU
		{DDE6162E-586D-416A-BC1B-F3FD5650A97F}.Debug|Any CPU.Build.0 = Debug|Any CPU
		{DDE6162E-586D-416A-BC1B-F3FD5650A97F}.Release|Any CPU.ActiveCfg = Release|Any CPU
		{DDE6162E-586D-416A-BC1B-F3FD5650A97F}.Release|Any CPU.Build.0 = Release|Any CPU
	EndGlobalSection
	GlobalSection(SolutionProperties) = preSolution
		HideSolutionNode = FALSE
	EndGlobalSection
	GlobalSection(ExtensibilityGlobals) = postSolution
		SolutionGuid = {1D1D2C14-34F8-4768-930D-DBEF94C7D338}
	EndGlobalSection
EndGlobal
